<?xml version="1.0" encoding="utf-8"?>
<Project ToolsVersion="4.0" xmlns="http://schemas.microsoft.com/developer/msbuild/2003">
  <ItemGroup>
    <Filter Include="Main">
      <UniqueIdentifier>{e8dccf15-3bdd-4854-8dd2-f0ba5d770abc}</UniqueIdentifier>
    </Filter>
    <Filter Include="Utils">
      <UniqueIdentifier>{37e6aaa6-0769-426b-aa67-d42e60cd791c}</UniqueIdentifier>
    </Filter>
    <Filter Include="Protocol">
      <UniqueIdentifier>{603496b5-138a-4725-951a-b0a8ee8dfe85}</UniqueIdentifier>
    </Filter>
    <Filter Include="Login">
      <UniqueIdentifier>{c9ac7cc0-02a2-4cbe-9050-cd48900251fa}</UniqueIdentifier>
    </Filter>
    <Filter Include="ChatRoom">
      <UniqueIdentifier>{a5dfc2d6-7903-4802-8b11-42cff4f6fa13}</UniqueIdentifier>
    </Filter>
    <Filter Include="Player">
      <UniqueIdentifier>{87ecb0c8-a463-4f2f-8da3-49a7bcdfb77a}</UniqueIdentifier>
    </Filter>
  </ItemGroup>
  <ItemGroup>
    <ClCompile Include="GameServer.cpp">
      <Filter>Main</Filter>
    </ClCompile>
    <ClCompile Include="pch.cpp">
      <Filter>Utils</Filter>
    </ClCompile>
    <ClCompile Include="GameSession.cpp">
      <Filter>Main</Filter>
    </ClCompile>
    <ClCompile Include="GameSessionManager.cpp">
      <Filter>Main</Filter>
    </ClCompile>
    <ClCompile Include="Player.cpp">
      <Filter>Player</Filter>
    </ClCompile>
    <ClCompile Include="ChatRoom.cpp">
      <Filter>ChatRoom</Filter>
    </ClCompile>
    <ClCompile Include="ChatRoomManager.cpp">
      <Filter>ChatRoom</Filter>
    </ClCompile>
    <ClCompile Include="Login.pb.cc">
      <Filter>Protocol</Filter>
    </ClCompile>
    <ClCompile Include="Player.pb.cc">
      <Filter>Protocol</Filter>
    </ClCompile>
    <ClCompile Include="Chat.pb.cc">
      <Filter>Protocol</Filter>
    </ClCompile>
    <ClCompile Include="ClientChatPacketHandler.cpp">
      <Filter>ChatRoom</Filter>
    </ClCompile>
    <ClCompile Include="ClientLoginPacketHandler.cpp">
      <Filter>Login</Filter>
    </ClCompile>
    <ClCompile Include="PlayerManager.cpp">
      <Filter>Player</Filter>
    </ClCompile>
  </ItemGroup>
  <ItemGroup>
    <ClInclude Include="pch.h">
      <Filter>Utils</Filter>
    </ClInclude>
    <ClInclude Include="GameSessionManager.h">
      <Filter>Main</Filter>
    </ClInclude>
    <ClInclude Include="GameSession.h">
      <Filter>Main</Filter>
    </ClInclude>
    <ClInclude Include="Player.h">
      <Filter>Player</Filter>
    </ClInclude>
    <ClInclude Include="ChatRoom.h">
      <Filter>ChatRoom</Filter>
    </ClInclude>
    <ClInclude Include="ChatRoomManager.h">
      <Filter>ChatRoom</Filter>
    </ClInclude>
    <ClInclude Include="Login.pb.h">
      <Filter>Protocol</Filter>
    </ClInclude>
    <ClInclude Include="Player.pb.h">
      <Filter>Protocol</Filter>
    </ClInclude>
    <ClInclude Include="Chat.pb.h">
      <Filter>Protocol</Filter>
    </ClInclude>
    <ClInclude Include="ClientChatPacketHandler.h">
      <Filter>ChatRoom</Filter>
    </ClInclude>
    <ClInclude Include="ClientLoginPacketHandler.h">
      <Filter>Login</Filter>
    </ClInclude>
    <ClInclude Include="PlayerManager.h">
      <Filter>Player</Filter>
    </ClInclude>
  </ItemGroup>
  <ItemGroup>
    <None Include="..\Common\Protobuf\bin\Player.proto">
      <Filter>Protocol</Filter>
    </None>
    <None Include="..\Common\Protobuf\bin\GenPackets.bat">
      <Filter>Protocol</Filter>
    </None>
    <None Include="..\Common\Protobuf\bin\Chat.proto">
      <Filter>Protocol</Filter>
    </None>
    <None Include="..\Common\Protobuf\bin\Login.proto">
      <Filter>Protocol</Filter>
    </None>
  </ItemGroup>
</Project>